// !$*UTF8*$!
{
	archiveVersion = 1;
	classes = {
	};
	objectVersion = 50;
	objects = {

/* Begin PBXBuildFile section */
		F753F7D725FB56A9004BF055 /* ReplayKit_DemoApp.swift in Sources */ = {isa = PBXBuildFile; fileRef = F753F7D625FB56A9004BF055 /* ReplayKit_DemoApp.swift */; };
		F753F7D925FB56A9004BF055 /* ContentView.swift in Sources */ = {isa = PBXBuildFile; fileRef = F753F7D825FB56A9004BF055 /* ContentView.swift */; };
		F753F7DB25FB56AA004BF055 /* Assets.xcassets in Resources */ = {isa = PBXBuildFile; fileRef = F753F7DA25FB56AA004BF055 /* Assets.xcassets */; };
		F753F7DE25FB56AA004BF055 /* Preview Assets.xcassets in Resources */ = {isa = PBXBuildFile; fileRef = F753F7DD25FB56AA004BF055 /* Preview Assets.xcassets */; };
		F753F7E925FB5DC5004BF055 /* WebView.swift in Sources */ = {isa = PBXBuildFile; fileRef = F753F7E825FB5DC5004BF055 /* WebView.swift */; };
		F753F7ED25FB5E6A004BF055 /* RPPreviewView.swift in Sources */ = {isa = PBXBuildFile; fileRef = F753F7EC25FB5E6A004BF055 /* RPPreviewView.swift */; };
/* End PBXBuildFile section */

/* Begin PBXFileReference section */
		F753F7D325FB56A9004BF055 /* ReplayKit-Demo.app */ = {isa = PBXFileReference; explicitFileType = wrapper.application; includeInIndex = 0; path = "ReplayKit-Demo.app"; sourceTree = BUILT_PRODUCTS_DIR; };
		F753F7D625FB56A9004BF055 /* ReplayKit_DemoApp.swift */ = {isa = PBXFileReference; lastKnownFileType = sourcecode.swift; path = ReplayKit_DemoApp.swift; sourceTree = "<group>"; };
		F753F7D825FB56A9004BF055 /* ContentView.swift */ = {isa = PBXFileReference; lastKnownFileType = sourcecode.swift; path = ContentView.swift; sourceTree = "<group>"; };
		F753F7DA25FB56AA004BF055 /* Assets.xcassets */ = {isa = PBXFileReference; lastKnownFileType = folder.assetcatalog; path = Assets.xcassets; sourceTree = "<group>"; };
		F753F7DD25FB56AA004BF055 /* Preview Assets.xcassets */ = {isa = PBXFileReference; lastKnownFileType = folder.assetcatalog; path = "Preview Assets.xcassets"; sourceTree = "<group>"; };
		F753F7DF25FB56AA004BF055 /* Info.plist */ = {isa = PBXFileReference; lastKnownFileType = text.plist.xml; path = Info.plist; sourceTree = "<group>"; };
		F753F7E825FB5DC5004BF055 /* WebView.swift */ = {isa = PBXFileReference; fileEncoding = 4; lastKnownFileType = sourcecode.swift; path = WebView.swift; sourceTree = "<group>"; };
		F753F7EC25FB5E6A004BF055 /* RPPreviewView.swift */ = {isa = PBXFileReference; lastKnownFileType = sourcecode.swift; path = RPPreviewView.swift; sourceTree = "<group>"; };
/* End PBXFileReference section */

/* Begin PBXFrameworksBuildPhase section */
		F753F7D025FB56A9004BF055 /* Frameworks */ = {
			isa = PBXFrameworksBuildPhase;
			buildActionMask = 2147483647;
			files = (
			);
			runOnlyForDeploymentPostprocessing = 0;
		};
/* End PBXFrameworksBuildPhase section */

/* Begin PBXGroup section */
		F753F7CA25FB56A9004BF055 = {
			isa = PBXGroup;
			children = (
				F753F7D525FB56A9004BF055 /* ReplayKit-Demo */,
				F753F7D425FB56A9004BF055 /* Products */,
			);
			sourceTree = "<group>";
		};
		F753F7D425FB56A9004BF055 /* Products */ = {
			isa = PBXGroup;
			children = (
				F753F7D325FB56A9004BF055 /* ReplayKit-Demo.app */,
			);
			name = Products;
			sourceTree = "<group>";
		};
		F753F7D525FB56A9004BF055 /* ReplayKit-Demo */ = {
			isa = PBXGroup;
			children = (
				F753F7D625FB56A9004BF055 /* ReplayKit_DemoApp.swift */,
				F753F7D825FB56A9004BF055 /* ContentView.swift */,
				F753F7E725FB5D7C004BF055 /* View */,
				F753F7DA25FB56AA004BF055 /* Assets.xcassets */,
				F753F7DF25FB56AA004BF055 /* Info.plist */,
				F753F7DC25FB56AA004BF055 /* Preview Content */,
			);
			path = "ReplayKit-Demo";
			sourceTree = "<group>";
		};
		F753F7DC25FB56AA004BF055 /* Preview Content */ = {
			isa = PBXGroup;
			children = (
				F753F7DD25FB56AA004BF055 /* Preview Assets.xcassets */,
			);
			path = "Preview Content";
			sourceTree = "<group>";
		};
		F753F7E725FB5D7C004BF055 /* View */ = {
			isa = PBXGroup;
			children = (
				F753F7E825FB5DC5004BF055 /* WebView.swift */,
				F753F7EC25FB5E6A004BF055 /* RPPreviewView.swift */,
			);
			path = View;
			sourceTree = "<group>";
		};
/* End PBXGroup section */

/* Begin PBXNativeTarget section */
		F753F7D225FB56A9004BF055 /* ReplayKit-Demo */ = {
			isa = PBXNativeTarget;
			buildConfigurationList = F753F7E225FB56AA004BF055 /* Build configuration list for PBXNativeTarget "ReplayKit-Demo" */;
			buildPhases = (
				F753F7CF25FB56A9004BF055 /* Sources */,
				F753F7D025FB56A9004BF055 /* Frameworks */,
				F753F7D125FB56A9004BF055 /* Resources */,
			);
			buildRules = (
			);
			dependencies = (
			);
			name = "ReplayKit-Demo";
			productName = "ReplayKit-Demo";
			productReference = F753F7D325FB56A9004BF055 /* ReplayKit-Demo.app */;
			productType = "com.apple.product-type.application";
		};
/* End PBXNativeTarget section */

/* Begin PBXProject section */
		F753F7CB25FB56A9004BF055 /* Project object */ = {
			isa = PBXProject;
			attributes = {
				LastSwiftUpdateCheck = 1240;
				LastUpgradeCheck = 1240;
				TargetAttributes = {
					F753F7D225FB56A9004BF055 = {
						CreatedOnToolsVersion = 12.4;
					};
				};
			};
			buildConfigurationList = F753F7CE25FB56A9004BF055 /* Build configuration list for PBXProject "ReplayKit-Demo" */;
			compatibilityVersion = "Xcode 9.3";
			developmentRegion = en;
			hasScannedForEncodings = 0;
			knownRegions = (
				en,
				Base,
			);
			mainGroup = F753F7CA25FB56A9004BF055;
			productRefGroup = F753F7D425FB56A9004BF055 /* Products */;
			projectDirPath = "";
			projectRoot = "";
			targets = (
				F753F7D225FB56A9004BF055 /* ReplayKit-Demo */,
			);
		};
/* End PBXProject section */

/* Begin PBXResourcesBuildPhase section */
		F753F7D125FB56A9004BF055 /* Resources */ = {
			isa = PBXResourcesBuildPhase;
			buildActionMask = 2147483647;
			files = (
				F753F7DE25FB56AA004BF055 /* Preview Assets.xcassets in Resources */,
				F753F7DB25FB56AA004BF055 /* Assets.xcassets in Resources */,
			);
			runOnlyForDeploymentPostprocessing = 0;
		};
/* End PBXResourcesBuildPhase section */

/* Begin PBXSourcesBuildPhase section */
		F753F7CF25FB56A9004BF055 /* Sources */ = {
			isa = PBXSourcesBuildPhase;
			buildActionMask = 2147483647;
			files = (
				F753F7ED25FB5E6A004BF055 /* RPPreviewView.swift in Sources */,
				F753F7E925FB5DC5004BF055 /* WebView.swift in Sources */,
				F753F7D925FB56A9004BF055 /* ContentView.swift in Sources */,
				F753F7D725FB56A9004BF055 /* ReplayKit_DemoApp.swift in Sources */,
			);
			runOnlyForDeploymentPostprocessing = 0;
		};
/* End PBXSourcesBuildPhase section */

/* Begin XCBuildConfiguration section */
		F753F7E025FB56AA004BF055 /* Debug */ = {
			isa = XCBuildConfiguration;
			buildSettings = {
				ALWAYS_SEARCH_USER_PATHS = NO;
				CLANG_ANALYZER_NONNULL = YES;
				CLANG_ANALYZER_NUMBER_OBJECT_CONVERSION = YES_AGGRESSIVE;
				CLANG_CXX_LANGUAGE_STANDARD = "gnu++14";
				CLANG_CXX_LIBRARY = "libc++";
				CLANG_ENABLE_MODULES = YES;
				CLANG_ENABLE_OBJC_ARC = YES;
				CLANG_ENABLE_OBJC_WEAK = YES;
				CLANG_WARN_BLOCK_CAPTURE_AUTORELEASING = YES;
				CLANG_WARN_BOOL_CONVERSION = YES;
				CLANG_WARN_COMMA = YES;
				CLANG_WARN_CONSTANT_CONVERSION = YES;
				CLANG_WARN_DEPRECATED_OBJC_IMPLEMENTATIONS = YES;
				CLANG_WARN_DIRECT_OBJC_ISA_USAGE = YES_ERROR;
				CLANG_WARN_DOCUMENTATION_COMMENTS = YES;
				CLANG_WARN_EMPTY_BODY = YES;
				CLANG_WARN_ENUM_CONVERSION = YES;
				CLANG_WARN_INFINITE_RECURSION = YES;
				CLANG_WARN_INT_CONVERSION = YES;
				CLANG_WARN_NON_LITERAL_NULL_CONVERSION = YES;
				CLANG_WARN_OBJC_IMPLICIT_RETAIN_SELF = YES;
				CLANG_WARN_OBJC_LITERAL_CONVERSION = YES;
				CLANG_WARN_OBJC_ROOT_CLASS = YES_ERROR;
				CLANG_WARN_QUOTED_INCLUDE_IN_FRAMEWORK_HEADER = YES;
				CLANG_WARN_RANGE_LOOP_ANALYSIS = YES;
				CLANG_WARN_STRICT_PROTOTYPES = YES;
				CLANG_WARN_SUSPICIOUS_MOVE = YES;
				CLANG_WARN_UNGUARDED_AVAILABILITY = YES_AGGRESSIVE;
				CLANG_WARN_UNREACHABLE_CODE = YES;
				CLANG_WARN__DUPLICATE_METHOD_MATCH = YES;
				COPY_PHASE_STRIP = NO;
				DEBUG_INFORMATION_FORMAT = dwarf;
				ENABLE_STRICT_OBJC_MSGSEND = YES;
				ENABLE_TESTABILITY = YES;
				GCC_C_LANGUAGE_STANDARD = gnu11;
				GCC_DYNAMIC_NO_PIC = NO;
				GCC_NO_COMMON_BLOCKS = YES;
				GCC_OPTIMIZATION_LEVEL = 0;
				GCC_PREPROCESSOR_DEFINITIONS = (
					"DEBUG=1",
					"$(inherited)",
				);
				GCC_WARN_64_TO_32_BIT_CONVERSION = YES;
				GCC_WARN_ABOUT_RETURN_TYPE = YES_ERROR;
				GCC_WARN_UNDECLARED_SELECTOR = YES;
				GCC_WARN_UNINITIALIZED_AUTOS = YES_AGGRESSIVE;
				GCC_WARN_UNUSED_FUNCTION = YES;
				GCC_WARN_UNUSED_VARIABLE = YES;
				IPHONEOS_DEPLOYMENT_TARGET = 14.4;
				MTL_ENABLE_DEBUG_INFO = INCLUDE_SOURCE;
				MTL_FAST_MATH = YES;
				ONLY_ACTIVE_ARCH = YES;
				SDKROOT = iphoneos;
				SWIFT_ACTIVE_COMPILATION_CONDITIONS = DEBUG;
				SWIFT_OPTIMIZATION_LEVEL = "-Onone";
			};
			name = Debug;
		};
		F753F7E125FB56AA004BF055 /* Release */ = {
			isa = XCBuildConfiguration;
			buildSettings = {
				ALWAYS_SEARCH_USER_PATHS = NO;
				CLANG_ANALYZER_NONNULL = YES;
				CLANG_ANALYZER_NUMBER_OBJECT_CONVERSION = YES_AGGRESSIVE;
				CLANG_CXX_LANGUAGE_STANDARD = "gnu++14";
				CLANG_CXX_LIBRARY = "libc++";
				CLANG_ENABLE_MODULES = YES;
				CLANG_ENABLE_OBJC_ARC = YES;
				CLANG_ENABLE_OBJC_WEAK = YES;
				CLANG_WARN_BLOCK_CAPTURE_AUTORELEASING = YES;
				CLANG_WARN_BOOL_CONVERSION = YES;
				CLANG_WARN_COMMA = YES;
				CLANG_WARN_CONSTANT_CONVERSION = YES;
				CLANG_WARN_DEPRECATED_OBJC_IMPLEMENTATIONS = YES;
				CLANG_WARN_DIRECT_OBJC_ISA_USAGE = YES_ERROR;
				CLANG_WARN_DOCUMENTATION_COMMENTS = YES;
				CLANG_WARN_EMPTY_BODY = YES;
				CLANG_WARN_ENUM_CONVERSION = YES;
				CLANG_WARN_INFINITE_RECURSION = YES;
				CLANG_WARN_INT_CONVERSION = YES;
				CLANG_WARN_NON_LITERAL_NULL_CONVERSION = YES;
				CLANG_WARN_OBJC_IMPLICIT_RETAIN_SELF = YES;
				CLANG_WARN_OBJC_LITERAL_CONVERSION = YES;
				CLANG_WARN_OBJC_ROOT_CLASS = YES_ERROR;
				CLANG_WARN_QUOTED_INCLUDE_IN_FRAMEWORK_HEADER = YES;
				CLANG_WARN_RANGE_LOOP_ANALYSIS = YES;
				CLANG_WARN_STRICT_PROTOTYPES = YES;
				CLANG_WARN_SUSPICIOUS_MOVE = YES;
				CLANG_WARN_UNGUARDED_AVAILABILITY = YES_AGGRESSIVE;
				CLANG_WARN_UNREACHABLE_CODE = YES;
				CLANG_WARN__DUPLICATE_METHOD_MATCH = YES;
				COPY_PHASE_STRIP = NO;
				DEBUG_INFORMATION_FORMAT = "dwarf-with-dsym";
				ENABLE_NS_ASSERTIONS = NO;
				ENABLE_STRICT_OBJC_MSGSEND = YES;
				GCC_C_LANGUAGE_STANDARD = gnu11;
				GCC_NO_COMMON_BLOCKS = YES;
				GCC_WARN_64_TO_32_BIT_CONVERSION = YES;
				GCC_WARN_ABOUT_RETURN_TYPE = YES_ERROR;
				GCC_WARN_UNDECLARED_SELECTOR = YES;
				GCC_WARN_UNINITIALIZED_AUTOS = YES_AGGRESSIVE;
				GCC_WARN_UNUSED_FUNCTION = YES;
				GCC_WARN_UNUSED_VARIABLE = YES;
				IPHONEOS_DEPLOYMENT_TARGET = 14.4;
				MTL_ENABLE_DEBUG_INFO = NO;
				MTL_FAST_MATH = YES;
				SDKROOT = iphoneos;
				SWIFT_COMPILATION_MODE = wholemodule;
				SWIFT_OPTIMIZATION_LEVEL = "-O";
				VALIDATE_PRODUCT = YES;
			};
			name = Release;
		};
		F753F7E325FB56AA004BF055 /* Debug */ = {
			isa = XCBuildConfiguration;
			buildSettings = {
				ASSETCATALOG_COMPILER_APPICON_NAME = AppIcon;
				ASSETCATALOG_COMPILER_GLOBAL_ACCENT_COLOR_NAME = AccentColor;
				CODE_SIGN_STYLE = Automatic;
				DEVELOPMENT_ASSET_PATHS = "\"ReplayKit-Demo/Preview Content\"";
				DEVELOPMENT_TEAM = 5RVFY25H2W;
				ENABLE_PREVIEWS = YES;
				INFOPLIST_FILE = "ReplayKit-Demo/Info.plist";
				IPHONEOS_DEPLOYMENT_TARGET = 14.0;
				LD_RUNPATH_SEARCH_PATHS = (
					"$(inherited)",
					"@executable_path/Frameworks",
				);
				PRODUCT_BUNDLE_IDENTIFIER = "com.chuangxinr.ReplayKit-Demo";
				PRODUCT_NAME = "$(TARGET_NAME)";
				SWIFT_VERSION = 5.0;
				TARGETED_DEVICE_FAMILY = "1,2";
			};
			name = Debug;
		};
		F753F7E425FB56AA004BF055 /* Release */ = {
			isa = XCBuildConfiguration;
			buildSettings = {
				ASSETCATALOG_COMPILER_APPICON_NAME = AppIcon;
				ASSETCATALOG_COMPILER_GLOBAL_ACCENT_COLOR_NAME = AccentColor;
				CODE_SIGN_STYLE = Automatic;
				DEVELOPMENT_ASSET_PATHS = "\"ReplayKit-Demo/Preview Content\"";
				DEVELOPMENT_TEAM = 5RVFY25H2W;
				ENABLE_PREVIEWS = YES;
				INFOPLIST_FILE = "ReplayKit-Demo/Info.plist";
				IPHONEOS_DEPLOYMENT_TARGET = 14.0;
				LD_RUNPATH_SEARCH_PATHS = (
					"$(inherited)",
					"@executable_path/Frameworks",
				);
				PRODUCT_BUNDLE_IDENTIFIER = "com.chuangxinr.ReplayKit-Demo";
				PRODUCT_NAME = "$(TARGET_NAME)";
				SWIFT_VERSION = 5.0;
				TARGETED_DEVICE_FAMILY = "1,2";
			};
			name = Release;
		};
/* End XCBuildConfiguration section */

/* Begin XCConfigurationList section */
		F753F7CE25FB56A9004BF055 /* Build configuration list for PBXProject "ReplayKit-Demo" */ = {
			isa = XCConfigurationList;
			buildConfigurations = (
				F753F7E025FB56AA004BF055 /* Debug */,
				F753F7E125FB56AA004BF055 /* Release */,
			);
			defaultConfigurationIsVisible = 0;
			defaultConfigurationName = Release;
		};
		F753F7E225FB56AA004BF055 /* Build configuration list for PBXNativeTarget "ReplayKit-Demo" */ = {
			isa = XCConfigurationList;
			buildConfigurations = (
				F753F7E325FB56AA004BF055 /* Debug */,
				F753F7E425FB56AA004BF055 /* Release */,
			);
			defaultConfigurationIsVisible = 0;
			defaultConfigurationName = Release;
		};
/* End XCConfigurationList section */
	};
	rootObject = F753F7CB25FB56A9004BF055 /* Project object */;
}
